
Microsoft Visual Studio Solution File, Format Version 12.00
Project("{FAE04EC0-301F-11D3-BF4B-00C04F79EFBC}") = "TurboCollections", "TurboCollections\TurboCollections.csproj", "{B111AD9D-E5B7-4CBB-8C47-669BF23CFB55}"
EndProject
Project("{FAE04EC0-301F-11D3-BF4B-00C04F79EFBC}") = "CustomerManagement", "CustomerManagement\CustomerManagement.csproj", "{96E39A2C-C59A-42DB-878A-5DB6934E164A}"
EndProject
Project("{FAE04EC0-301F-11D3-BF4B-00C04F79EFBC}") = "TurboCollections.Test", "TurboCollections.Test\TurboCollections.Test.csproj", "{CBF4BCDE-803A-4F74-8690-4053AAB051B6}"
EndProject
Global
	GlobalSection(SolutionConfigurationPlatforms) = preSolution
		Debug|Any CPU = Debug|Any CPU
		Release|Any CPU = Release|Any CPU
	EndGlobalSection
	GlobalSection(ProjectConfigurationPlatforms) = postSolution
		{B111AD9D-E5B7-4CBB-8C47-669BF23CFB55}.Debug|Any CPU.ActiveCfg = Debug|Any CPU
		{B111AD9D-E5B7-4CBB-8C47-669BF23CFB55}.Debug|Any CPU.Build.0 = Debug|Any CPU
		{B111AD9D-E5B7-4CBB-8C47-669BF23CFB55}.Release|Any CPU.ActiveCfg = Release|Any CPU
		{B111AD9D-E5B7-4CBB-8C47-669BF23CFB55}.Release|Any CPU.Build.0 = Release|Any CPU
		{96E39A2C-C59A-42DB-878A-5DB6934E164A}.Debug|Any CPU.ActiveCfg = Debug|Any CPU
		{96E39A2C-C59A-42DB-878A-5DB6934E164A}.Debug|Any CPU.Build.0 = Debug|Any CPU
		{96E39A2C-C59A-42DB-878A-5DB6934E164A}.Release|Any CPU.ActiveCfg = Release|Any CPU
		{96E39A2C-C59A-42DB-878A-5DB6934E164A}.Release|Any CPU.Build.0 = Release|Any CPU
		{CBF4BCDE-803A-4F74-8690-4053AAB051B6}.Debug|Any CPU.ActiveCfg = Debug|Any CPU
		{CBF4BCDE-803A-4F74-8690-4053AAB051B6}.Debug|Any CPU.Build.0 = Debug|Any CPU
		{CBF4BCDE-803A-4F74-8690-4053AAB051B6}.Release|Any CPU.ActiveCfg = Release|Any CPU
		{CBF4BCDE-803A-4F74-8690-4053AAB051B6}.Release|Any CPU.Build.0 = Release|Any CPU
	EndGlobalSection
EndGlobal
